
Microsoft Visual Studio Solution File, Format Version 12.00
# Visual Studio Version 16
VisualStudioVersion = 16.0.31729.503
MinimumVisualStudioVersion = 10.0.40219.1
Project("{FAE04EC0-301F-11D3-BF4B-00C04F79EFBC}") = "ProyectoFinal_Bankomex", "ProyectoFinal_Bankomex.csproj", "{469D2BF9-6AB1-4C4D-8D07-B2F38844F08A}"
EndProject
Global
	GlobalSection(SolutionConfigurationPlatforms) = preSolution
		Debug|Any CPU = Debug|Any CPU
		Release|Any CPU = Release|Any CPU
	EndGlobalSection
	GlobalSection(ProjectConfigurationPlatforms) = postSolution
		{469D2BF9-6AB1-4C4D-8D07-B2F38844F08A}.Debug|Any CPU.ActiveCfg = Debug|Any CPU
		{469D2BF9-6AB1-4C4D-8D07-B2F38844F08A}.Debug|Any CPU.Build.0 = Debug|Any CPU
		{469D2BF9-6AB1-4C4D-8D07-B2F38844F08A}.Release|Any CPU.ActiveCfg = Release|Any CPU
		{469D2BF9-6AB1-4C4D-8D07-B2F38844F08A}.Release|Any CPU.Build.0 = Release|Any CPU
	EndGlobalSection
	GlobalSection(SolutionProperties) = preSolution
		HideSolutionNode = FALSE
	EndGlobalSection
	GlobalSection(ExtensibilityGlobals) = postSolution
		SolutionGuid = {BC4BF6C5-DE34-456C-8085-6FD81E3800AB}
	EndGlobalSection
EndGlobal
